// !$*UTF8*$!
{
	archiveVersion = 1;
	classes = {
	};
	objectVersion = 46;
	objects = {

/* Begin PBXBuildFile section */
		94D791D215B1B40F003319E2 /* UIKit.framework in Frameworks */ = {isa = PBXBuildFile; fileRef = 94D791D115B1B40F003319E2 /* UIKit.framework */; };
		94D791D415B1B40F003319E2 /* Foundation.framework in Frameworks */ = {isa = PBXBuildFile; fileRef = 94D791D315B1B40F003319E2 /* Foundation.framework */; };
		94D791D615B1B40F003319E2 /* CoreGraphics.framework in Frameworks */ = {isa = PBXBuildFile; fileRef = 94D791D515B1B40F003319E2 /* CoreGraphics.framework */; };
		94D791DC15B1B40F003319E2 /* InfoPlist.strings in Resources */ = {isa = PBXBuildFile; fileRef = 94D791DA15B1B40F003319E2 /* InfoPlist.strings */; };
		94D791DE15B1B40F003319E2 /* main.m in Sources */ = {isa = PBXBuildFile; fileRef = 94D791DD15B1B40F003319E2 /* main.m */; };
		94D791E215B1B40F003319E2 /* AppDelegate.m in Sources */ = {isa = PBXBuildFile; fileRef = 94D791E115B1B40F003319E2 /* AppDelegate.m */; };
		94D791E515B1B40F003319E2 /* MainStoryboard_iPhone.storyboard in Resources */ = {isa = PBXBuildFile; fileRef = 94D791E315B1B40F003319E2 /* MainStoryboard_iPhone.storyboard */; };
		94D791E815B1B40F003319E2 /* MainStoryboard_iPad.storyboard in Resources */ = {isa = PBXBuildFile; fileRef = 94D791E615B1B40F003319E2 /* MainStoryboard_iPad.storyboard */; };
		94D791EB15B1B40F003319E2 /* ViewController.m in Sources */ = {isa = PBXBuildFile; fileRef = 94D791EA15B1B40F003319E2 /* ViewController.m */; };
		94D791F315B1B410003319E2 /* SenTestingKit.framework in Frameworks */ = {isa = PBXBuildFile; fileRef = 94D791F215B1B410003319E2 /* SenTestingKit.framework */; };
		94D791F415B1B410003319E2 /* UIKit.framework in Frameworks */ = {isa = PBXBuildFile; fileRef = 94D791D115B1B40F003319E2 /* UIKit.framework */; };
		94D791F515B1B410003319E2 /* Foundation.framework in Frameworks */ = {isa = PBXBuildFile; fileRef = 94D791D315B1B40F003319E2 /* Foundation.framework */; };
		94D791FD15B1B410003319E2 /* InfoPlist.strings in Resources */ = {isa = PBXBuildFile; fileRef = 94D791FB15B1B410003319E2 /* InfoPlist.strings */; };
		94D7920015B1B410003319E2 /* TuentiGVVTests.m in Sources */ = {isa = PBXBuildFile; fileRef = 94D791FF15B1B410003319E2 /* TuentiGVVTests.m */; };
		94D7922615B1C8CB003319E2 /* Transaction.m in Sources */ = {isa = PBXBuildFile; fileRef = 94D7922515B1C8CB003319E2 /* Transaction.m */; };
/* End PBXBuildFile section */

/* Begin PBXContainerItemProxy section */
		94D791F615B1B410003319E2 /* PBXContainerItemProxy */ = {
			isa = PBXContainerItemProxy;
			containerPortal = 94D791C415B1B40F003319E2 /* Project object */;
			proxyType = 1;
			remoteGlobalIDString = 94D791CC15B1B40F003319E2;
			remoteInfo = TuentiGVV;
		};
/* End PBXContainerItemProxy section */

/* Begin PBXFileReference section */
		94D791CD15B1B40F003319E2 /* TuentiGVV.app */ = {isa = PBXFileReference; explicitFileType = wrapper.application; includeInIndex = 0; path = TuentiGVV.app; sourceTree = BUILT_PRODUCTS_DIR; };
		94D791D115B1B40F003319E2 /* UIKit.framework */ = {isa = PBXFileReference; lastKnownFileType = wrapper.framework; name = UIKit.framework; path = System/Library/Frameworks/UIKit.framework; sourceTree = SDKROOT; };
		94D791D315B1B40F003319E2 /* Foundation.framework */ = {isa = PBXFileReference; lastKnownFileType = wrapper.framework; name = Foundation.framework; path = System/Library/Frameworks/Foundation.framework; sourceTree = SDKROOT; };
		94D791D515B1B40F003319E2 /* CoreGraphics.framework */ = {isa = PBXFileReference; lastKnownFileType = wrapper.framework; name = CoreGraphics.framework; path = System/Library/Frameworks/CoreGraphics.framework; sourceTree = SDKROOT; };
		94D791D915B1B40F003319E2 /* TuentiGVV-Info.plist */ = {isa = PBXFileReference; lastKnownFileType = text.plist.xml; path = "TuentiGVV-Info.plist"; sourceTree = "<group>"; };
		94D791DB15B1B40F003319E2 /* en */ = {isa = PBXFileReference; lastKnownFileType = text.plist.strings; name = en; path = en.lproj/InfoPlist.strings; sourceTree = "<group>"; };
		94D791DD15B1B40F003319E2 /* main.m */ = {isa = PBXFileReference; lastKnownFileType = sourcecode.c.objc; path = main.m; sourceTree = "<group>"; };
		94D791DF15B1B40F003319E2 /* TuentiGVV-Prefix.pch */ = {isa = PBXFileReference; lastKnownFileType = sourcecode.c.h; path = "TuentiGVV-Prefix.pch"; sourceTree = "<group>"; };
		94D791E015B1B40F003319E2 /* AppDelegate.h */ = {isa = PBXFileReference; lastKnownFileType = sourcecode.c.h; path = AppDelegate.h; sourceTree = "<group>"; };
		94D791E115B1B40F003319E2 /* AppDelegate.m */ = {isa = PBXFileReference; lastKnownFileType = sourcecode.c.objc; path = AppDelegate.m; sourceTree = "<group>"; };
		94D791E415B1B40F003319E2 /* en */ = {isa = PBXFileReference; lastKnownFileType = file.storyboard; name = en; path = en.lproj/MainStoryboard_iPhone.storyboard; sourceTree = "<group>"; };
		94D791E715B1B40F003319E2 /* en */ = {isa = PBXFileReference; lastKnownFileType = file.storyboard; name = en; path = en.lproj/MainStoryboard_iPad.storyboard; sourceTree = "<group>"; };
		94D791E915B1B40F003319E2 /* ViewController.h */ = {isa = PBXFileReference; lastKnownFileType = sourcecode.c.h; path = ViewController.h; sourceTree = "<group>"; };
		94D791EA15B1B40F003319E2 /* ViewController.m */ = {isa = PBXFileReference; lastKnownFileType = sourcecode.c.objc; path = ViewController.m; sourceTree = "<group>"; };
		94D791F115B1B410003319E2 /* TuentiGVVTests.octest */ = {isa = PBXFileReference; explicitFileType = wrapper.cfbundle; includeInIndex = 0; path = TuentiGVVTests.octest; sourceTree = BUILT_PRODUCTS_DIR; };
		94D791F215B1B410003319E2 /* SenTestingKit.framework */ = {isa = PBXFileReference; lastKnownFileType = wrapper.framework; name = SenTestingKit.framework; path = Library/Frameworks/SenTestingKit.framework; sourceTree = DEVELOPER_DIR; };
		94D791FA15B1B410003319E2 /* TuentiGVVTests-Info.plist */ = {isa = PBXFileReference; lastKnownFileType = text.plist.xml; path = "TuentiGVVTests-Info.plist"; sourceTree = "<group>"; };
		94D791FC15B1B410003319E2 /* en */ = {isa = PBXFileReference; lastKnownFileType = text.plist.strings; name = en; path = en.lproj/InfoPlist.strings; sourceTree = "<group>"; };
		94D791FE15B1B410003319E2 /* TuentiGVVTests.h */ = {isa = PBXFileReference; lastKnownFileType = sourcecode.c.h; path = TuentiGVVTests.h; sourceTree = "<group>"; };
		94D791FF15B1B410003319E2 /* TuentiGVVTests.m */ = {isa = PBXFileReference; lastKnownFileType = sourcecode.c.objc; path = TuentiGVVTests.m; sourceTree = "<group>"; };
		94D7922415B1C8CB003319E2 /* Transaction.h */ = {isa = PBXFileReference; fileEncoding = 4; lastKnownFileType = sourcecode.c.h; path = Transaction.h; sourceTree = "<group>"; };
		94D7922515B1C8CB003319E2 /* Transaction.m */ = {isa = PBXFileReference; fileEncoding = 4; lastKnownFileType = sourcecode.c.objc; path = Transaction.m; sourceTree = "<group>"; };
/* End PBXFileReference section */

/* Begin PBXFrameworksBuildPhase section */
		94D791CA15B1B40F003319E2 /* Frameworks */ = {
			isa = PBXFrameworksBuildPhase;
			buildActionMask = 2147483647;
			files = (
				94D791D215B1B40F003319E2 /* UIKit.framework in Frameworks */,
				94D791D415B1B40F003319E2 /* Foundation.framework in Frameworks */,
				94D791D615B1B40F003319E2 /* CoreGraphics.framework in Frameworks */,
			);
			runOnlyForDeploymentPostprocessing = 0;
		};
		94D791ED15B1B410003319E2 /* Frameworks */ = {
			isa = PBXFrameworksBuildPhase;
			buildActionMask = 2147483647;
			files = (
				94D791F315B1B410003319E2 /* SenTestingKit.framework in Frameworks */,
				94D791F415B1B410003319E2 /* UIKit.framework in Frameworks */,
				94D791F515B1B410003319E2 /* Foundation.framework in Frameworks */,
			);
			runOnlyForDeploymentPostprocessing = 0;
		};
/* End PBXFrameworksBuildPhase section */

/* Begin PBXGroup section */
		94D791C215B1B40F003319E2 = {
			isa = PBXGroup;
			children = (
				94D791D715B1B40F003319E2 /* TuentiGVV */,
				94D791F815B1B410003319E2 /* TuentiGVVTests */,
				94D791D015B1B40F003319E2 /* Frameworks */,
				94D791CE15B1B40F003319E2 /* Products */,
			);
			sourceTree = "<group>";
		};
		94D791CE15B1B40F003319E2 /* Products */ = {
			isa = PBXGroup;
			children = (
				94D791CD15B1B40F003319E2 /* TuentiGVV.app */,
				94D791F115B1B410003319E2 /* TuentiGVVTests.octest */,
			);
			name = Products;
			sourceTree = "<group>";
		};
		94D791D015B1B40F003319E2 /* Frameworks */ = {
			isa = PBXGroup;
			children = (
				94D791D115B1B40F003319E2 /* UIKit.framework */,
				94D791D315B1B40F003319E2 /* Foundation.framework */,
				94D791D515B1B40F003319E2 /* CoreGraphics.framework */,
				94D791F215B1B410003319E2 /* SenTestingKit.framework */,
			);
			name = Frameworks;
			sourceTree = "<group>";
		};
		94D791D715B1B40F003319E2 /* TuentiGVV */ = {
			isa = PBXGroup;
			children = (
				94D791E015B1B40F003319E2 /* AppDelegate.h */,
				94D791E115B1B40F003319E2 /* AppDelegate.m */,
				94D791E315B1B40F003319E2 /* MainStoryboard_iPhone.storyboard */,
				94D791E615B1B40F003319E2 /* MainStoryboard_iPad.storyboard */,
				94D791E915B1B40F003319E2 /* ViewController.h */,
				94D791EA15B1B40F003319E2 /* ViewController.m */,
				94D791D815B1B40F003319E2 /* Supporting Files */,
				94D7922415B1C8CB003319E2 /* Transaction.h */,
				94D7922515B1C8CB003319E2 /* Transaction.m */,
			);
			path = TuentiGVV;
			sourceTree = "<group>";
		};
		94D791D815B1B40F003319E2 /* Supporting Files */ = {
			isa = PBXGroup;
			children = (
				94D791D915B1B40F003319E2 /* TuentiGVV-Info.plist */,
				94D791DA15B1B40F003319E2 /* InfoPlist.strings */,
				94D791DD15B1B40F003319E2 /* main.m */,
				94D791DF15B1B40F003319E2 /* TuentiGVV-Prefix.pch */,
			);
			name = "Supporting Files";
			sourceTree = "<group>";
		};
		94D791F815B1B410003319E2 /* TuentiGVVTests */ = {
			isa = PBXGroup;
			children = (
				94D791FE15B1B410003319E2 /* TuentiGVVTests.h */,
				94D791FF15B1B410003319E2 /* TuentiGVVTests.m */,
				94D791F915B1B410003319E2 /* Supporting Files */,
			);
			path = TuentiGVVTests;
			sourceTree = "<group>";
		};
		94D791F915B1B410003319E2 /* Supporting Files */ = {
			isa = PBXGroup;
			children = (
				94D791FA15B1B410003319E2 /* TuentiGVVTests-Info.plist */,
				94D791FB15B1B410003319E2 /* InfoPlist.strings */,
			);
			name = "Supporting Files";
			sourceTree = "<group>";
		};
/* End PBXGroup section */

/* Begin PBXNativeTarget section */
		94D791CC15B1B40F003319E2 /* TuentiGVV */ = {
			isa = PBXNativeTarget;
			buildConfigurationList = 94D7920315B1B410003319E2 /* Build configuration list for PBXNativeTarget "TuentiGVV" */;
			buildPhases = (
				94D791C915B1B40F003319E2 /* Sources */,
				94D791CA15B1B40F003319E2 /* Frameworks */,
				94D791CB15B1B40F003319E2 /* Resources */,
			);
			buildRules = (
			);
			dependencies = (
			);
			name = TuentiGVV;
			productName = TuentiGVV;
			productReference = 94D791CD15B1B40F003319E2 /* TuentiGVV.app */;
			productType = "com.apple.product-type.application";
		};
		94D791F015B1B410003319E2 /* TuentiGVVTests */ = {
			isa = PBXNativeTarget;
			buildConfigurationList = 94D7920615B1B410003319E2 /* Build configuration list for PBXNativeTarget "TuentiGVVTests" */;
			buildPhases = (
				94D791EC15B1B410003319E2 /* Sources */,
				94D791ED15B1B410003319E2 /* Frameworks */,
				94D791EE15B1B410003319E2 /* Resources */,
				94D791EF15B1B410003319E2 /* ShellScript */,
			);
			buildRules = (
			);
			dependencies = (
				94D791F715B1B410003319E2 /* PBXTargetDependency */,
			);
			name = TuentiGVVTests;
			productName = TuentiGVVTests;
			productReference = 94D791F115B1B410003319E2 /* TuentiGVVTests.octest */;
			productType = "com.apple.product-type.bundle";
		};
/* End PBXNativeTarget section */

/* Begin PBXProject section */
		94D791C415B1B40F003319E2 /* Project object */ = {
			isa = PBXProject;
			attributes = {
				LastUpgradeCheck = 0420;
				ORGANIZATIONNAME = "Hochschule Luzern";
			};
			buildConfigurationList = 94D791C715B1B40F003319E2 /* Build configuration list for PBXProject "TuentiGVV" */;
			compatibilityVersion = "Xcode 3.2";
			developmentRegion = English;
			hasScannedForEncodings = 0;
			knownRegions = (
				en,
			);
			mainGroup = 94D791C215B1B40F003319E2;
			productRefGroup = 94D791CE15B1B40F003319E2 /* Products */;
			projectDirPath = "";
			projectRoot = "";
			targets = (
				94D791CC15B1B40F003319E2 /* TuentiGVV */,
				94D791F015B1B410003319E2 /* TuentiGVVTests */,
			);
		};
/* End PBXProject section */

/* Begin PBXResourcesBuildPhase section */
		94D791CB15B1B40F003319E2 /* Resources */ = {
			isa = PBXResourcesBuildPhase;
			buildActionMask = 2147483647;
			files = (
				94D791DC15B1B40F003319E2 /* InfoPlist.strings in Resources */,
				94D791E515B1B40F003319E2 /* MainStoryboard_iPhone.storyboard in Resources */,
				94D791E815B1B40F003319E2 /* MainStoryboard_iPad.storyboard in Resources */,
			);
			runOnlyForDeploymentPostprocessing = 0;
		};
		94D791EE15B1B410003319E2 /* Resources */ = {
			isa = PBXResourcesBuildPhase;
			buildActionMask = 2147483647;
			files = (
				94D791FD15B1B410003319E2 /* InfoPlist.strings in Resources */,
			);
			runOnlyForDeploymentPostprocessing = 0;
		};
/* End PBXResourcesBuildPhase section */

/* Begin PBXShellScriptBuildPhase section */
		94D791EF15B1B410003319E2 /* ShellScript */ = {
			isa = PBXShellScriptBuildPhase;
			buildActionMask = 2147483647;
			files = (
			);
			inputPaths = (
			);
			outputPaths = (
			);
			runOnlyForDeploymentPostprocessing = 0;
			shellPath = /bin/sh;
			shellScript = "# Run the unit tests in this test bundle.\n\"${SYSTEM_DEVELOPER_DIR}/Tools/RunUnitTests\"\n";
		};
/* End PBXShellScriptBuildPhase section */

/* Begin PBXSourcesBuildPhase section */
		94D791C915B1B40F003319E2 /* Sources */ = {
			isa = PBXSourcesBuildPhase;
			buildActionMask = 2147483647;
			files = (
				94D791DE15B1B40F003319E2 /* main.m in Sources */,
				94D791E215B1B40F003319E2 /* AppDelegate.m in Sources */,
				94D791EB15B1B40F003319E2 /* ViewController.m in Sources */,
				94D7922615B1C8CB003319E2 /* Transaction.m in Sources */,
			);
			runOnlyForDeploymentPostprocessing = 0;
		};
		94D791EC15B1B410003319E2 /* Sources */ = {
			isa = PBXSourcesBuildPhase;
			buildActionMask = 2147483647;
			files = (
				94D7920015B1B410003319E2 /* TuentiGVVTests.m in Sources */,
			);
			runOnlyForDeploymentPostprocessing = 0;
		};
/* End PBXSourcesBuildPhase section */

/* Begin PBXTargetDependency section */
		94D791F715B1B410003319E2 /* PBXTargetDependency */ = {
			isa = PBXTargetDependency;
			target = 94D791CC15B1B40F003319E2 /* TuentiGVV */;
			targetProxy = 94D791F615B1B410003319E2 /* PBXContainerItemProxy */;
		};
/* End PBXTargetDependency section */

/* Begin PBXVariantGroup section */
		94D791DA15B1B40F003319E2 /* InfoPlist.strings */ = {
			isa = PBXVariantGroup;
			children = (
				94D791DB15B1B40F003319E2 /* en */,
			);
			name = InfoPlist.strings;
			sourceTree = "<group>";
		};
		94D791E315B1B40F003319E2 /* MainStoryboard_iPhone.storyboard */ = {
			isa = PBXVariantGroup;
			children = (
				94D791E415B1B40F003319E2 /* en */,
			);
			name = MainStoryboard_iPhone.storyboard;
			sourceTree = "<group>";
		};
		94D791E615B1B40F003319E2 /* MainStoryboard_iPad.storyboard */ = {
			isa = PBXVariantGroup;
			children = (
				94D791E715B1B40F003319E2 /* en */,
			);
			name = MainStoryboard_iPad.storyboard;
			sourceTree = "<group>";
		};
		94D791FB15B1B410003319E2 /* InfoPlist.strings */ = {
			isa = PBXVariantGroup;
			children = (
				94D791FC15B1B410003319E2 /* en */,
			);
			name = InfoPlist.strings;
			sourceTree = "<group>";
		};
/* End PBXVariantGroup section */

/* Begin XCBuildConfiguration section */
		94D7920115B1B410003319E2 /* Debug */ = {
			isa = XCBuildConfiguration;
			buildSettings = {
				ALWAYS_SEARCH_USER_PATHS = NO;
				ARCHS = "$(ARCHS_STANDARD_32_BIT)";
				CLANG_ENABLE_OBJC_ARC = YES;
				"CODE_SIGN_IDENTITY[sdk=iphoneos*]" = "iPhone Developer";
				COPY_PHASE_STRIP = NO;
				GCC_C_LANGUAGE_STANDARD = gnu99;
				GCC_DYNAMIC_NO_PIC = NO;
				GCC_OPTIMIZATION_LEVEL = 0;
				GCC_PREPROCESSOR_DEFINITIONS = (
					"DEBUG=1",
					"$(inherited)",
				);
				GCC_SYMBOLS_PRIVATE_EXTERN = NO;
				GCC_VERSION = com.apple.compilers.llvm.clang.1_0;
				GCC_WARN_ABOUT_MISSING_PROTOTYPES = YES;
				GCC_WARN_ABOUT_RETURN_TYPE = YES;
				GCC_WARN_UNUSED_VARIABLE = YES;
				IPHONEOS_DEPLOYMENT_TARGET = 5.0;
				SDKROOT = iphoneos;
				TARGETED_DEVICE_FAMILY = "1,2";
			};
			name = Debug;
		};
		94D7920215B1B410003319E2 /* Release */ = {
			isa = XCBuildConfiguration;
			buildSettings = {
				ALWAYS_SEARCH_USER_PATHS = NO;
				ARCHS = "$(ARCHS_STANDARD_32_BIT)";
				CLANG_ENABLE_OBJC_ARC = YES;
				"CODE_SIGN_IDENTITY[sdk=iphoneos*]" = "iPhone Developer";
				COPY_PHASE_STRIP = YES;
				GCC_C_LANGUAGE_STANDARD = gnu99;
				GCC_VERSION = com.apple.compilers.llvm.clang.1_0;
				GCC_WARN_ABOUT_MISSING_PROTOTYPES = YES;
				GCC_WARN_ABOUT_RETURN_TYPE = YES;
				GCC_WARN_UNUSED_VARIABLE = YES;
				IPHONEOS_DEPLOYMENT_TARGET = 5.0;
				OTHER_CFLAGS = "-DNS_BLOCK_ASSERTIONS=1";
				SDKROOT = iphoneos;
				TARGETED_DEVICE_FAMILY = "1,2";
				VALIDATE_PRODUCT = YES;
			};
			name = Release;
		};
		94D7920415B1B410003319E2 /* Debug */ = {
			isa = XCBuildConfiguration;
			buildSettings = {
				GCC_PRECOMPILE_PREFIX_HEADER = YES;
				GCC_PREFIX_HEADER = "TuentiGVV/TuentiGVV-Prefix.pch";
				INFOPLIST_FILE = "TuentiGVV/TuentiGVV-Info.plist";
				PRODUCT_NAME = "$(TARGET_NAME)";
				WRAPPER_EXTENSION = app;
			};
			name = Debug;
		};
		94D7920515B1B410003319E2 /* Release */ = {
			isa = XCBuildConfiguration;
			buildSettings = {
				GCC_PRECOMPILE_PREFIX_HEADER = YES;
				GCC_PREFIX_HEADER = "TuentiGVV/TuentiGVV-Prefix.pch";
				INFOPLIST_FILE = "TuentiGVV/TuentiGVV-Info.plist";
				PRODUCT_NAME = "$(TARGET_NAME)";
				WRAPPER_EXTENSION = app;
			};
			name = Release;
		};
		94D7920715B1B410003319E2 /* Debug */ = {
			isa = XCBuildConfiguration;
			buildSettings = {
				BUNDLE_LOADER = "$(BUILT_PRODUCTS_DIR)/TuentiGVV.app/TuentiGVV";
				FRAMEWORK_SEARCH_PATHS = (
					"$(SDKROOT)/Developer/Library/Frameworks",
					"$(DEVELOPER_LIBRARY_DIR)/Frameworks",
				);
				GCC_PRECOMPILE_PREFIX_HEADER = YES;
				GCC_PREFIX_HEADER = "TuentiGVV/TuentiGVV-Prefix.pch";
				INFOPLIST_FILE = "TuentiGVVTests/TuentiGVVTests-Info.plist";
				PRODUCT_NAME = "$(TARGET_NAME)";
				TEST_HOST = "$(BUNDLE_LOADER)";
				WRAPPER_EXTENSION = octest;
			};
			name = Debug;
		};
		94D7920815B1B410003319E2 /* Release */ = {
			isa = XCBuildConfiguration;
			buildSettings = {
				BUNDLE_LOADER = "$(BUILT_PRODUCTS_DIR)/TuentiGVV.app/TuentiGVV";
				FRAMEWORK_SEARCH_PATHS = (
					"$(SDKROOT)/Developer/Library/Frameworks",
					"$(DEVELOPER_LIBRARY_DIR)/Frameworks",
				);
				GCC_PRECOMPILE_PREFIX_HEADER = YES;
				GCC_PREFIX_HEADER = "TuentiGVV/TuentiGVV-Prefix.pch";
				INFOPLIST_FILE = "TuentiGVVTests/TuentiGVVTests-Info.plist";
				PRODUCT_NAME = "$(TARGET_NAME)";
				TEST_HOST = "$(BUNDLE_LOADER)";
				WRAPPER_EXTENSION = octest;
			};
			name = Release;
		};
/* End XCBuildConfiguration section */

/* Begin XCConfigurationList section */
		94D791C715B1B40F003319E2 /* Build configuration list for PBXProject "TuentiGVV" */ = {
			isa = XCConfigurationList;
			buildConfigurations = (
				94D7920115B1B410003319E2 /* Debug */,
				94D7920215B1B410003319E2 /* Release */,
			);
			defaultConfigurationIsVisible = 0;
			defaultConfigurationName = Release;
		};
		94D7920315B1B410003319E2 /* Build configuration list for PBXNativeTarget "TuentiGVV" */ = {
			isa = XCConfigurationList;
			buildConfigurations = (
				94D7920415B1B410003319E2 /* Debug */,
				94D7920515B1B410003319E2 /* Release */,
			);
			defaultConfigurationIsVisible = 0;
		};
		94D7920615B1B410003319E2 /* Build configuration list for PBXNativeTarget "TuentiGVVTests" */ = {
			isa = XCConfigurationList;
			buildConfigurations = (
				94D7920715B1B410003319E2 /* Debug */,
				94D7920815B1B410003319E2 /* Release */,
			);
			defaultConfigurationIsVisible = 0;
		};
/* End XCConfigurationList section */
	};
	rootObject = 94D791C415B1B40F003319E2 /* Project object */;
}
